
Microsoft Visual Studio Solution File, Format Version 12.00
# Visual Studio 14
VisualStudioVersion = 14.0.24720.0
MinimumVisualStudioVersion = 10.0.40219.1
Project("{2150E333-8FDC-42A3-9474-1A3956D46DE8}") = "src", "src", "{B0E1F6DB-45BC-4C4F-AD1C-52B7230B3094}"
EndProject
Project("{2150E333-8FDC-42A3-9474-1A3956D46DE8}") = "Solution Items", "Solution Items", "{3ED754FB-DBD8-4357-AE20-E188CB397134}"
	ProjectSection(SolutionItems) = preProject
		global.json = global.json
		WE-Palette.css = WE-Palette.css
	EndProjectSection
EndProject
Project("{8BB2217D-0F2D-49D1-97BC-3654ED321F3B}") = "Imagine", "src\Imagine\Imagine.xproj", "{B8798BC9-0825-4764-A052-A80C55FF9DFF}"
EndProject
Global
	GlobalSection(SolutionConfigurationPlatforms) = preSolution
		Debug|Any CPU = Debug|Any CPU
		Release|Any CPU = Release|Any CPU
	EndGlobalSection
	GlobalSection(ProjectConfigurationPlatforms) = postSolution
		{B8798BC9-0825-4764-A052-A80C55FF9DFF}.Debug|Any CPU.ActiveCfg = Debug|Any CPU
		{B8798BC9-0825-4764-A052-A80C55FF9DFF}.Debug|Any CPU.Build.0 = Debug|Any CPU
		{B8798BC9-0825-4764-A052-A80C55FF9DFF}.Release|Any CPU.ActiveCfg = Release|Any CPU
		{B8798BC9-0825-4764-A052-A80C55FF9DFF}.Release|Any CPU.Build.0 = Release|Any CPU
	EndGlobalSection
	GlobalSection(SolutionProperties) = preSolution
		HideSolutionNode = FALSE
	EndGlobalSection
	GlobalSection(NestedProjects) = preSolution
		{B8798BC9-0825-4764-A052-A80C55FF9DFF} = {B0E1F6DB-45BC-4C4F-AD1C-52B7230B3094}
	EndGlobalSection
EndGlobal
